{
    "version": 3,
    "terraform_version": "0.9.8",
    "serial": 5,
    "lineage": "56f850f7-4837-401f-9fc3-2bf4696876d0",
    "modules": [
        {
            "path": [
                "root"
            ],
            "outputs": {},
            "resources": {},
            "depends_on": []
        },
        {
            "path": [
                "root",
                "dapper"
            ],
            "outputs": {},
            "resources": {
                "github_repository.repo": {
                    "type": "github_repository",
                    "depends_on": [],
                    "primary": {
                        "id": "Narochno.Dapper",
                        "attributes": {
                            "default_branch": "master",
                            "description": "Unit of Work pattern with Dapper (deprecated)",
                            "full_name": "Narochno/Narochno.Dapper",
                            "git_clone_url": "git://github.com/Narochno/Narochno.Dapper.git",
                            "has_downloads": "false",
                            "has_issues": "false",
                            "has_wiki": "false",
                            "homepage_url": "",
                            "http_clone_url": "https://github.com/Narochno/Narochno.Dapper.git",
                            "id": "Narochno.Dapper",
                            "name": "Narochno.Dapper",
                            "private": "false",
                            "ssh_clone_url": "git@github.com:Narochno/Narochno.Dapper.git",
                            "svn_url": "https://github.com/Narochno/Narochno.Dapper"
                        },
                        "meta": {},
                        "tainted": false
                    },
                    "deposed": [],
                    "provider": ""
                }
            },
            "depends_on": []
        },
        {
            "path": [
                "root",
                "environment"
            ],
            "outputs": {},
            "resources": {
                "github_repository.repo": {
                    "type": "github_repository",
                    "depends_on": [],
                    "primary": {
                        "id": "Environment",
                        "attributes": {
                            "default_branch": "master",
                            "description": "Manage the Narochno Repositories with Terraform",
                            "full_name": "Narochno/Environment",
                            "git_clone_url": "git://github.com/Narochno/Environment.git",
                            "has_downloads": "false",
                            "has_issues": "false",
                            "has_wiki": "false",
                            "homepage_url": "",
                            "http_clone_url": "https://github.com/Narochno/Environment.git",
                            "id": "Environment",
                            "name": "Environment",
                            "private": "false",
                            "ssh_clone_url": "git@github.com:Narochno/Environment.git",
                            "svn_url": "https://github.com/Narochno/Environment"
                        },
                        "meta": {},
                        "tainted": false
                    },
                    "deposed": [],
                    "provider": ""
                }
            },
            "depends_on": []
        }
    ]
}
