{
    "version": 3,
    "terraform_version": "0.9.8",
    "serial": 8,
    "lineage": "56f850f7-4837-401f-9fc3-2bf4696876d0",
    "modules": [
        {
            "path": [
                "root"
            ],
            "outputs": {},
            "resources": {},
            "depends_on": []
        },
        {
            "path": [
                "root",
                "dapper"
            ],
            "outputs": {},
            "resources": {
                "github_repository.repo": {
                    "type": "github_repository",
                    "depends_on": [],
                    "primary": {
                        "id": "Narochno.Dapper",
                        "attributes": {
                            "default_branch": "master",
                            "description": "Unit of Work pattern with Dapper (deprecated)",
                            "full_name": "Narochno/Narochno.Dapper",
                            "git_clone_url": "git://github.com/Narochno/Narochno.Dapper.git",
                            "has_downloads": "false",
                            "has_issues": "false",
                            "has_wiki": "false",
                            "homepage_url": "",
                            "http_clone_url": "https://github.com/Narochno/Narochno.Dapper.git",
                            "id": "Narochno.Dapper",
                            "name": "Narochno.Dapper",
                            "private": "false",
                            "ssh_clone_url": "git@github.com:Narochno/Narochno.Dapper.git",
                            "svn_url": "https://github.com/Narochno/Narochno.Dapper"
                        },
                        "meta": {},
                        "tainted": false
                    },
                    "deposed": [],
                    "provider": ""
                },
                "github_repository_webhook.slack_webhook": {
                    "type": "github_repository_webhook",
                    "depends_on": [
                        "github_repository.repo"
                    ],
                    "primary": {
                        "id": "14752789",
                        "attributes": {
                            "active": "true",
                            "configuration.%": "3",
                            "configuration.content_type": "application/json",
                            "configuration.insecure_ssl": "0",
                            "configuration.url": "https://hooks.slack.com/services/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",
                            "events.#": "12",
                            "events.1199160415": "pull_request_review_comment",
                            "events.1597642340": "push",
                            "events.2342231791": "pull_request",
                            "events.2413224187": "create",
                            "events.2655453981": "release",
                            "events.3043241469": "deployment_status",
                            "events.3152763002": "fork",
                            "events.3464159411": "pull_request_review",
                            "events.3665657731": "issues",
                            "events.547011484": "commit_comment",
                            "events.831264653": "issue_comment",
                            "events.974290055": "delete",
                            "id": "14752789",
                            "name": "web",
                            "repository": "Narochno.Dapper",
                            "url": "https://api.github.com/repos/Narochno/Narochno.Dapper/hooks/14752789"
                        },
                        "meta": {},
                        "tainted": false
                    },
                    "deposed": [],
                    "provider": ""
                }
            },
            "depends_on": []
        },
        {
            "path": [
                "root",
                "environment"
            ],
            "outputs": {},
            "resources": {
                "github_repository.repo": {
                    "type": "github_repository",
                    "depends_on": [],
                    "primary": {
                        "id": "Environment",
                        "attributes": {
                            "default_branch": "master",
                            "description": "Manage the Narochno Repositories with Terraform",
                            "full_name": "Narochno/Environment",
                            "git_clone_url": "git://github.com/Narochno/Environment.git",
                            "has_downloads": "false",
                            "has_issues": "false",
                            "has_wiki": "false",
                            "homepage_url": "",
                            "http_clone_url": "https://github.com/Narochno/Environment.git",
                            "id": "Environment",
                            "name": "Environment",
                            "private": "false",
                            "ssh_clone_url": "git@github.com:Narochno/Environment.git",
                            "svn_url": "https://github.com/Narochno/Environment"
                        },
                        "meta": {},
                        "tainted": false
                    },
                    "deposed": [],
                    "provider": ""
                },
                "github_repository_webhook.slack_webhook": {
                    "type": "github_repository_webhook",
                    "depends_on": [
                        "github_repository.repo"
                    ],
                    "primary": {
                        "id": "14752790",
                        "attributes": {
                            "active": "true",
                            "configuration.%": "3",
                            "configuration.content_type": "application/json",
                            "configuration.insecure_ssl": "0",
                            "configuration.url": "https://hooks.slack.com/services/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",
                            "events.#": "12",
                            "events.1199160415": "pull_request_review_comment",
                            "events.1597642340": "push",
                            "events.2342231791": "pull_request",
                            "events.2413224187": "create",
                            "events.2655453981": "release",
                            "events.3043241469": "deployment_status",
                            "events.3152763002": "fork",
                            "events.3464159411": "pull_request_review",
                            "events.3665657731": "issues",
                            "events.547011484": "commit_comment",
                            "events.831264653": "issue_comment",
                            "events.974290055": "delete",
                            "id": "14752790",
                            "name": "web",
                            "repository": "Environment",
                            "url": "https://api.github.com/repos/Narochno/Environment/hooks/14752790"
                        },
                        "meta": {},
                        "tainted": false
                    },
                    "deposed": [],
                    "provider": ""
                }
            },
            "depends_on": []
        }
    ]
}
